// !$*UTF8*$!
{
	archiveVersion = 1;
	classes = {
	};
	objectVersion = 48;
	objects = {

/* Begin PBXBuildFile section */
		3A054C2C1FA1B3DA00E2531D /* ThreeViewController.swift in Sources */ = {isa = PBXBuildFile; fileRef = 3A054C2B1FA1B3DA00E2531D /* ThreeViewController.swift */; };
		3A06CE511FB1815D00C747A7 /* CityCell.swift in Sources */ = {isa = PBXBuildFile; fileRef = 3A06CE501FB1815D00C747A7 /* CityCell.swift */; };
		3A06CE531FB188ED00C747A7 /* DetailVC.swift in Sources */ = {isa = PBXBuildFile; fileRef = 3A06CE521FB188ED00C747A7 /* DetailVC.swift */; };
		3A773E951FA064650098A992 /* AppDelegate.swift in Sources */ = {isa = PBXBuildFile; fileRef = 3A773E941FA064650098A992 /* AppDelegate.swift */; };
		3A773E971FA064650098A992 /* ViewController.swift in Sources */ = {isa = PBXBuildFile; fileRef = 3A773E961FA064650098A992 /* ViewController.swift */; };
		3A773E9A1FA064650098A992 /* Main.storyboard in Resources */ = {isa = PBXBuildFile; fileRef = 3A773E981FA064650098A992 /* Main.storyboard */; };
		3A773E9C1FA064650098A992 /* Assets.xcassets in Resources */ = {isa = PBXBuildFile; fileRef = 3A773E9B1FA064650098A992 /* Assets.xcassets */; };
		3A773E9F1FA064650098A992 /* LaunchScreen.storyboard in Resources */ = {isa = PBXBuildFile; fileRef = 3A773E9D1FA064650098A992 /* LaunchScreen.storyboard */; };
		3A773EAA1FA064650098A992 /* DemoTests.swift in Sources */ = {isa = PBXBuildFile; fileRef = 3A773EA91FA064650098A992 /* DemoTests.swift */; };
		3A773EB51FA064650098A992 /* DemoUITests.swift in Sources */ = {isa = PBXBuildFile; fileRef = 3A773EB41FA064650098A992 /* DemoUITests.swift */; };
		3A773EC51FA064850098A992 /* SecondViewController.m in Sources */ = {isa = PBXBuildFile; fileRef = 3A773EC41FA064850098A992 /* SecondViewController.m */; };
		3AA052F91FAB1EB800D9A8F6 /* CityModel.swift in Sources */ = {isa = PBXBuildFile; fileRef = 3AA052F81FAB1EB800D9A8F6 /* CityModel.swift */; };
		3AF961C41FB59FB2007A2EF4 /* FormViewController.swift in Sources */ = {isa = PBXBuildFile; fileRef = 3AF961C31FB59FB2007A2EF4 /* FormViewController.swift */; };
		3AFB84431FA31D02006DEF9B /* CustomTableViewCell.swift in Sources */ = {isa = PBXBuildFile; fileRef = 3AFB84421FA31D02006DEF9B /* CustomTableViewCell.swift */; };
		3AFB84451FA7160F006DEF9B /* Model.swift in Sources */ = {isa = PBXBuildFile; fileRef = 3AFB84441FA7160F006DEF9B /* Model.swift */; };
		C0A879F76B77753A9D73BD3F /* Pods_Demo.framework in Frameworks */ = {isa = PBXBuildFile; fileRef = D4D3212B935BC16B6D5DC7A0 /* Pods_Demo.framework */; };
/* End PBXBuildFile section */

/* Begin PBXContainerItemProxy section */
		3A773EA61FA064650098A992 /* PBXContainerItemProxy */ = {
			isa = PBXContainerItemProxy;
			containerPortal = 3A773E891FA064650098A992 /* Project object */;
			proxyType = 1;
			remoteGlobalIDString = 3A773E901FA064650098A992;
			remoteInfo = Demo;
		};
		3A773EB11FA064650098A992 /* PBXContainerItemProxy */ = {
			isa = PBXContainerItemProxy;
			containerPortal = 3A773E891FA064650098A992 /* Project object */;
			proxyType = 1;
			remoteGlobalIDString = 3A773E901FA064650098A992;
			remoteInfo = Demo;
		};
/* End PBXContainerItemProxy section */

/* Begin PBXFileReference section */
		3A054C2B1FA1B3DA00E2531D /* ThreeViewController.swift */ = {isa = PBXFileReference; lastKnownFileType = sourcecode.swift; path = ThreeViewController.swift; sourceTree = "<group>"; };
		3A06CE501FB1815D00C747A7 /* CityCell.swift */ = {isa = PBXFileReference; lastKnownFileType = sourcecode.swift; path = CityCell.swift; sourceTree = "<group>"; };
		3A06CE521FB188ED00C747A7 /* DetailVC.swift */ = {isa = PBXFileReference; lastKnownFileType = sourcecode.swift; path = DetailVC.swift; sourceTree = "<group>"; };
		3A773E911FA064650098A992 /* Demo.app */ = {isa = PBXFileReference; explicitFileType = wrapper.application; includeInIndex = 0; path = Demo.app; sourceTree = BUILT_PRODUCTS_DIR; };
		3A773E941FA064650098A992 /* AppDelegate.swift */ = {isa = PBXFileReference; lastKnownFileType = sourcecode.swift; path = AppDelegate.swift; sourceTree = "<group>"; };
		3A773E961FA064650098A992 /* ViewController.swift */ = {isa = PBXFileReference; lastKnownFileType = sourcecode.swift; path = ViewController.swift; sourceTree = "<group>"; };
		3A773E991FA064650098A992 /* Base */ = {isa = PBXFileReference; lastKnownFileType = file.storyboard; name = Base; path = Base.lproj/Main.storyboard; sourceTree = "<group>"; };
		3A773E9B1FA064650098A992 /* Assets.xcassets */ = {isa = PBXFileReference; lastKnownFileType = folder.assetcatalog; path = Assets.xcassets; sourceTree = "<group>"; };
		3A773E9E1FA064650098A992 /* Base */ = {isa = PBXFileReference; lastKnownFileType = file.storyboard; name = Base; path = Base.lproj/LaunchScreen.storyboard; sourceTree = "<group>"; };
		3A773EA01FA064650098A992 /* Info.plist */ = {isa = PBXFileReference; lastKnownFileType = text.plist.xml; path = Info.plist; sourceTree = "<group>"; };
		3A773EA51FA064650098A992 /* DemoTests.xctest */ = {isa = PBXFileReference; explicitFileType = wrapper.cfbundle; includeInIndex = 0; path = DemoTests.xctest; sourceTree = BUILT_PRODUCTS_DIR; };
		3A773EA91FA064650098A992 /* DemoTests.swift */ = {isa = PBXFileReference; lastKnownFileType = sourcecode.swift; path = DemoTests.swift; sourceTree = "<group>"; };
		3A773EAB1FA064650098A992 /* Info.plist */ = {isa = PBXFileReference; lastKnownFileType = text.plist.xml; path = Info.plist; sourceTree = "<group>"; };
		3A773EB01FA064650098A992 /* DemoUITests.xctest */ = {isa = PBXFileReference; explicitFileType = wrapper.cfbundle; includeInIndex = 0; path = DemoUITests.xctest; sourceTree = BUILT_PRODUCTS_DIR; };
		3A773EB41FA064650098A992 /* DemoUITests.swift */ = {isa = PBXFileReference; lastKnownFileType = sourcecode.swift; path = DemoUITests.swift; sourceTree = "<group>"; };
		3A773EB61FA064650098A992 /* Info.plist */ = {isa = PBXFileReference; lastKnownFileType = text.plist.xml; path = Info.plist; sourceTree = "<group>"; };
		3A773EC21FA064840098A992 /* Demo-Bridging-Header.h */ = {isa = PBXFileReference; lastKnownFileType = sourcecode.c.h; path = "Demo-Bridging-Header.h"; sourceTree = "<group>"; };
		3A773EC31FA064850098A992 /* SecondViewController.h */ = {isa = PBXFileReference; lastKnownFileType = sourcecode.c.h; path = SecondViewController.h; sourceTree = "<group>"; };
		3A773EC41FA064850098A992 /* SecondViewController.m */ = {isa = PBXFileReference; lastKnownFileType = sourcecode.c.objc; path = SecondViewController.m; sourceTree = "<group>"; };
		3AA052F81FAB1EB800D9A8F6 /* CityModel.swift */ = {isa = PBXFileReference; lastKnownFileType = sourcecode.swift; path = CityModel.swift; sourceTree = "<group>"; };
		3AF961C31FB59FB2007A2EF4 /* FormViewController.swift */ = {isa = PBXFileReference; lastKnownFileType = sourcecode.swift; path = FormViewController.swift; sourceTree = "<group>"; };
		3AFB84421FA31D02006DEF9B /* CustomTableViewCell.swift */ = {isa = PBXFileReference; lastKnownFileType = sourcecode.swift; path = CustomTableViewCell.swift; sourceTree = "<group>"; };
		3AFB84441FA7160F006DEF9B /* Model.swift */ = {isa = PBXFileReference; lastKnownFileType = sourcecode.swift; path = Model.swift; sourceTree = "<group>"; };
		8A073DE50A635A840B3BC26A /* Pods-Demo.release.xcconfig */ = {isa = PBXFileReference; includeInIndex = 1; lastKnownFileType = text.xcconfig; name = "Pods-Demo.release.xcconfig"; path = "Pods/Target Support Files/Pods-Demo/Pods-Demo.release.xcconfig"; sourceTree = "<group>"; };
		D4D3212B935BC16B6D5DC7A0 /* Pods_Demo.framework */ = {isa = PBXFileReference; explicitFileType = wrapper.framework; includeInIndex = 0; path = Pods_Demo.framework; sourceTree = BUILT_PRODUCTS_DIR; };
		F5CE24E4305D5DC238AF0BB3 /* Pods-Demo.debug.xcconfig */ = {isa = PBXFileReference; includeInIndex = 1; lastKnownFileType = text.xcconfig; name = "Pods-Demo.debug.xcconfig"; path = "Pods/Target Support Files/Pods-Demo/Pods-Demo.debug.xcconfig"; sourceTree = "<group>"; };
/* End PBXFileReference section */

/* Begin PBXFrameworksBuildPhase section */
		3A773E8E1FA064650098A992 /* Frameworks */ = {
			isa = PBXFrameworksBuildPhase;
			buildActionMask = 2147483647;
			files = (
				C0A879F76B77753A9D73BD3F /* Pods_Demo.framework in Frameworks */,
			);
			runOnlyForDeploymentPostprocessing = 0;
		};
		3A773EA21FA064650098A992 /* Frameworks */ = {
			isa = PBXFrameworksBuildPhase;
			buildActionMask = 2147483647;
			files = (
			);
			runOnlyForDeploymentPostprocessing = 0;
		};
		3A773EAD1FA064650098A992 /* Frameworks */ = {
			isa = PBXFrameworksBuildPhase;
			buildActionMask = 2147483647;
			files = (
			);
			runOnlyForDeploymentPostprocessing = 0;
		};
/* End PBXFrameworksBuildPhase section */

/* Begin PBXGroup section */
		3A773E881FA064650098A992 = {
			isa = PBXGroup;
			children = (
				3A773E931FA064650098A992 /* Demo */,
				3A773EA81FA064650098A992 /* DemoTests */,
				3A773EB31FA064650098A992 /* DemoUITests */,
				3A773E921FA064650098A992 /* Products */,
				AF16917362ECB7CB765BE264 /* Pods */,
				D5CA08D2BE9A1571C97BAF8B /* Frameworks */,
			);
			sourceTree = "<group>";
		};
		3A773E921FA064650098A992 /* Products */ = {
			isa = PBXGroup;
			children = (
				3A773E911FA064650098A992 /* Demo.app */,
				3A773EA51FA064650098A992 /* DemoTests.xctest */,
				3A773EB01FA064650098A992 /* DemoUITests.xctest */,
			);
			name = Products;
			sourceTree = "<group>";
		};
		3A773E931FA064650098A992 /* Demo */ = {
			isa = PBXGroup;
			children = (
				3A773E941FA064650098A992 /* AppDelegate.swift */,
				3A773E961FA064650098A992 /* ViewController.swift */,
				3A773EC31FA064850098A992 /* SecondViewController.h */,
				3A773EC41FA064850098A992 /* SecondViewController.m */,
				3A773E981FA064650098A992 /* Main.storyboard */,
				3A773E9B1FA064650098A992 /* Assets.xcassets */,
				3A773E9D1FA064650098A992 /* LaunchScreen.storyboard */,
				3A773EA01FA064650098A992 /* Info.plist */,
				3A773EC21FA064840098A992 /* Demo-Bridging-Header.h */,
				3A054C2B1FA1B3DA00E2531D /* ThreeViewController.swift */,
				3AFB84421FA31D02006DEF9B /* CustomTableViewCell.swift */,
				3AFB84441FA7160F006DEF9B /* Model.swift */,
				3AA052F81FAB1EB800D9A8F6 /* CityModel.swift */,
				3A06CE501FB1815D00C747A7 /* CityCell.swift */,
				3A06CE521FB188ED00C747A7 /* DetailVC.swift */,
				3AF961C31FB59FB2007A2EF4 /* FormViewController.swift */,
			);
			path = Demo;
			sourceTree = "<group>";
		};
		3A773EA81FA064650098A992 /* DemoTests */ = {
			isa = PBXGroup;
			children = (
				3A773EA91FA064650098A992 /* DemoTests.swift */,
				3A773EAB1FA064650098A992 /* Info.plist */,
			);
			path = DemoTests;
			sourceTree = "<group>";
		};
		3A773EB31FA064650098A992 /* DemoUITests */ = {
			isa = PBXGroup;
			children = (
				3A773EB41FA064650098A992 /* DemoUITests.swift */,
				3A773EB61FA064650098A992 /* Info.plist */,
			);
			path = DemoUITests;
			sourceTree = "<group>";
		};
		AF16917362ECB7CB765BE264 /* Pods */ = {
			isa = PBXGroup;
			children = (
				F5CE24E4305D5DC238AF0BB3 /* Pods-Demo.debug.xcconfig */,
				8A073DE50A635A840B3BC26A /* Pods-Demo.release.xcconfig */,
			);
			name = Pods;
			sourceTree = "<group>";
		};
		D5CA08D2BE9A1571C97BAF8B /* Frameworks */ = {
			isa = PBXGroup;
			children = (
				D4D3212B935BC16B6D5DC7A0 /* Pods_Demo.framework */,
			);
			name = Frameworks;
			sourceTree = "<group>";
		};
/* End PBXGroup section */

/* Begin PBXNativeTarget section */
		3A773E901FA064650098A992 /* Demo */ = {
			isa = PBXNativeTarget;
			buildConfigurationList = 3A773EB91FA064650098A992 /* Build configuration list for PBXNativeTarget "Demo" */;
			buildPhases = (
				82489178625343FB0435D8FB /* [CP] Check Pods Manifest.lock */,
				3A773E8D1FA064650098A992 /* Sources */,
				3A773E8E1FA064650098A992 /* Frameworks */,
				3A773E8F1FA064650098A992 /* Resources */,
				5B2C9A74F8BBA93036D06AD5 /* [CP] Embed Pods Frameworks */,
				DB32FD8D40C72409AF3CCD47 /* [CP] Copy Pods Resources */,
			);
			buildRules = (
			);
			dependencies = (
			);
			name = Demo;
			productName = Demo;
			productReference = 3A773E911FA064650098A992 /* Demo.app */;
			productType = "com.apple.product-type.application";
		};
		3A773EA41FA064650098A992 /* DemoTests */ = {
			isa = PBXNativeTarget;
			buildConfigurationList = 3A773EBC1FA064650098A992 /* Build configuration list for PBXNativeTarget "DemoTests" */;
			buildPhases = (
				3A773EA11FA064650098A992 /* Sources */,
				3A773EA21FA064650098A992 /* Frameworks */,
				3A773EA31FA064650098A992 /* Resources */,
			);
			buildRules = (
			);
			dependencies = (
				3A773EA71FA064650098A992 /* PBXTargetDependency */,
			);
			name = DemoTests;
			productName = DemoTests;
			productReference = 3A773EA51FA064650098A992 /* DemoTests.xctest */;
			productType = "com.apple.product-type.bundle.unit-test";
		};
		3A773EAF1FA064650098A992 /* DemoUITests */ = {
			isa = PBXNativeTarget;
			buildConfigurationList = 3A773EBF1FA064650098A992 /* Build configuration list for PBXNativeTarget "DemoUITests" */;
			buildPhases = (
				3A773EAC1FA064650098A992 /* Sources */,
				3A773EAD1FA064650098A992 /* Frameworks */,
				3A773EAE1FA064650098A992 /* Resources */,
			);
			buildRules = (
			);
			dependencies = (
				3A773EB21FA064650098A992 /* PBXTargetDependency */,
			);
			name = DemoUITests;
			productName = DemoUITests;
			productReference = 3A773EB01FA064650098A992 /* DemoUITests.xctest */;
			productType = "com.apple.product-type.bundle.ui-testing";
		};
/* End PBXNativeTarget section */

/* Begin PBXProject section */
		3A773E891FA064650098A992 /* Project object */ = {
			isa = PBXProject;
			attributes = {
				LastSwiftUpdateCheck = 0900;
				LastUpgradeCheck = 0900;
				ORGANIZATIONNAME = gap;
				TargetAttributes = {
					3A773E901FA064650098A992 = {
						CreatedOnToolsVersion = 9.0.1;
						LastSwiftMigration = 0900;
						ProvisioningStyle = Automatic;
					};
					3A773EA41FA064650098A992 = {
						CreatedOnToolsVersion = 9.0.1;
						ProvisioningStyle = Automatic;
						TestTargetID = 3A773E901FA064650098A992;
					};
					3A773EAF1FA064650098A992 = {
						CreatedOnToolsVersion = 9.0.1;
						ProvisioningStyle = Automatic;
						TestTargetID = 3A773E901FA064650098A992;
					};
				};
			};
			buildConfigurationList = 3A773E8C1FA064650098A992 /* Build configuration list for PBXProject "Demo" */;
			compatibilityVersion = "Xcode 8.0";
			developmentRegion = en;
			hasScannedForEncodings = 0;
			knownRegions = (
				en,
				Base,
			);
			mainGroup = 3A773E881FA064650098A992;
			productRefGroup = 3A773E921FA064650098A992 /* Products */;
			projectDirPath = "";
			projectRoot = "";
			targets = (
				3A773E901FA064650098A992 /* Demo */,
				3A773EA41FA064650098A992 /* DemoTests */,
				3A773EAF1FA064650098A992 /* DemoUITests */,
			);
		};
/* End PBXProject section */

/* Begin PBXResourcesBuildPhase section */
		3A773E8F1FA064650098A992 /* Resources */ = {
			isa = PBXResourcesBuildPhase;
			buildActionMask = 2147483647;
			files = (
				3A773E9F1FA064650098A992 /* LaunchScreen.storyboard in Resources */,
				3A773E9C1FA064650098A992 /* Assets.xcassets in Resources */,
				3A773E9A1FA064650098A992 /* Main.storyboard in Resources */,
			);
			runOnlyForDeploymentPostprocessing = 0;
		};
		3A773EA31FA064650098A992 /* Resources */ = {
			isa = PBXResourcesBuildPhase;
			buildActionMask = 2147483647;
			files = (
			);
			runOnlyForDeploymentPostprocessing = 0;
		};
		3A773EAE1FA064650098A992 /* Resources */ = {
			isa = PBXResourcesBuildPhase;
			buildActionMask = 2147483647;
			files = (
			);
			runOnlyForDeploymentPostprocessing = 0;
		};
/* End PBXResourcesBuildPhase section */

/* Begin PBXShellScriptBuildPhase section */
		5B2C9A74F8BBA93036D06AD5 /* [CP] Embed Pods Frameworks */ = {
			isa = PBXShellScriptBuildPhase;
			buildActionMask = 2147483647;
			files = (
			);
			inputPaths = (
				"${SRCROOT}/Pods/Target Support Files/Pods-Demo/Pods-Demo-frameworks.sh",
				"${BUILT_PRODUCTS_DIR}/AFNetworking/AFNetworking.framework",
				"${BUILT_PRODUCTS_DIR}/ObjectMapper/ObjectMapper.framework",
				"${BUILT_PRODUCTS_DIR}/Realm/Realm.framework",
				"${BUILT_PRODUCTS_DIR}/RealmSwift/RealmSwift.framework",
				"${BUILT_PRODUCTS_DIR}/SnapKit/SnapKit.framework",
				"${BUILT_PRODUCTS_DIR}/SwiftyJSON/SwiftyJSON.framework",
				"${BUILT_PRODUCTS_DIR}/XLForm/XLForm.framework",
			);
			name = "[CP] Embed Pods Frameworks";
			outputPaths = (
				"${TARGET_BUILD_DIR}/${FRAMEWORKS_FOLDER_PATH}/AFNetworking.framework",
				"${TARGET_BUILD_DIR}/${FRAMEWORKS_FOLDER_PATH}/ObjectMapper.framework",
				"${TARGET_BUILD_DIR}/${FRAMEWORKS_FOLDER_PATH}/Realm.framework",
				"${TARGET_BUILD_DIR}/${FRAMEWORKS_FOLDER_PATH}/RealmSwift.framework",
				"${TARGET_BUILD_DIR}/${FRAMEWORKS_FOLDER_PATH}/SnapKit.framework",
				"${TARGET_BUILD_DIR}/${FRAMEWORKS_FOLDER_PATH}/SwiftyJSON.framework",
				"${TARGET_BUILD_DIR}/${FRAMEWORKS_FOLDER_PATH}/XLForm.framework",
			);
			runOnlyForDeploymentPostprocessing = 0;
			shellPath = /bin/sh;
			shellScript = "\"${SRCROOT}/Pods/Target Support Files/Pods-Demo/Pods-Demo-frameworks.sh\"\n";
			showEnvVarsInLog = 0;
		};
		82489178625343FB0435D8FB /* [CP] Check Pods Manifest.lock */ = {
			isa = PBXShellScriptBuildPhase;
			buildActionMask = 2147483647;
			files = (
			);
			inputPaths = (
				"${PODS_PODFILE_DIR_PATH}/Podfile.lock",
				"${PODS_ROOT}/Manifest.lock",
			);
			name = "[CP] Check Pods Manifest.lock";
			outputPaths = (
				"$(DERIVED_FILE_DIR)/Pods-Demo-checkManifestLockResult.txt",
			);
			runOnlyForDeploymentPostprocessing = 0;
			shellPath = /bin/sh;
			shellScript = "diff \"${PODS_PODFILE_DIR_PATH}/Podfile.lock\" \"${PODS_ROOT}/Manifest.lock\" > /dev/null\nif [ $? != 0 ] ; then\n    # print error to STDERR\n    echo \"error: The sandbox is not in sync with the Podfile.lock. Run 'pod install' or update your CocoaPods installation.\" >&2\n    exit 1\nfi\n# This output is used by Xcode 'outputs' to avoid re-running this script phase.\necho \"SUCCESS\" > \"${SCRIPT_OUTPUT_FILE_0}\"\n";
			showEnvVarsInLog = 0;
		};
		DB32FD8D40C72409AF3CCD47 /* [CP] Copy Pods Resources */ = {
			isa = PBXShellScriptBuildPhase;
			buildActionMask = 2147483647;
			files = (
			);
			inputPaths = (
			);
			name = "[CP] Copy Pods Resources";
			outputPaths = (
			);
			runOnlyForDeploymentPostprocessing = 0;
			shellPath = /bin/sh;
			shellScript = "\"${SRCROOT}/Pods/Target Support Files/Pods-Demo/Pods-Demo-resources.sh\"\n";
			showEnvVarsInLog = 0;
		};
/* End PBXShellScriptBuildPhase section */

/* Begin PBXSourcesBuildPhase section */
		3A773E8D1FA064650098A992 /* Sources */ = {
			isa = PBXSourcesBuildPhase;
			buildActionMask = 2147483647;
			files = (
				3A773EC51FA064850098A992 /* SecondViewController.m in Sources */,
				3AFB84431FA31D02006DEF9B /* CustomTableViewCell.swift in Sources */,
				3A06CE511FB1815D00C747A7 /* CityCell.swift in Sources */,
				3A773E971FA064650098A992 /* ViewController.swift in Sources */,
				3AFB84451FA7160F006DEF9B /* Model.swift in Sources */,
				3A06CE531FB188ED00C747A7 /* DetailVC.swift in Sources */,
				3A773E951FA064650098A992 /* AppDelegate.swift in Sources */,
				3A054C2C1FA1B3DA00E2531D /* ThreeViewController.swift in Sources */,
				3AF961C41FB59FB2007A2EF4 /* FormViewController.swift in Sources */,
				3AA052F91FAB1EB800D9A8F6 /* CityModel.swift in Sources */,
			);
			runOnlyForDeploymentPostprocessing = 0;
		};
		3A773EA11FA064650098A992 /* Sources */ = {
			isa = PBXSourcesBuildPhase;
			buildActionMask = 2147483647;
			files = (
				3A773EAA1FA064650098A992 /* DemoTests.swift in Sources */,
			);
			runOnlyForDeploymentPostprocessing = 0;
		};
		3A773EAC1FA064650098A992 /* Sources */ = {
			isa = PBXSourcesBuildPhase;
			buildActionMask = 2147483647;
			files = (
				3A773EB51FA064650098A992 /* DemoUITests.swift in Sources */,
			);
			runOnlyForDeploymentPostprocessing = 0;
		};
/* End PBXSourcesBuildPhase section */

/* Begin PBXTargetDependency section */
		3A773EA71FA064650098A992 /* PBXTargetDependency */ = {
			isa = PBXTargetDependency;
			target = 3A773E901FA064650098A992 /* Demo */;
			targetProxy = 3A773EA61FA064650098A992 /* PBXContainerItemProxy */;
		};
		3A773EB21FA064650098A992 /* PBXTargetDependency */ = {
			isa = PBXTargetDependency;
			target = 3A773E901FA064650098A992 /* Demo */;
			targetProxy = 3A773EB11FA064650098A992 /* PBXContainerItemProxy */;
		};
/* End PBXTargetDependency section */

/* Begin PBXVariantGroup section */
		3A773E981FA064650098A992 /* Main.storyboard */ = {
			isa = PBXVariantGroup;
			children = (
				3A773E991FA064650098A992 /* Base */,
			);
			name = Main.storyboard;
			sourceTree = "<group>";
		};
		3A773E9D1FA064650098A992 /* LaunchScreen.storyboard */ = {
			isa = PBXVariantGroup;
			children = (
				3A773E9E1FA064650098A992 /* Base */,
			);
			name = LaunchScreen.storyboard;
			sourceTree = "<group>";
		};
/* End PBXVariantGroup section */

/* Begin XCBuildConfiguration section */
		3A773EB71FA064650098A992 /* Debug */ = {
			isa = XCBuildConfiguration;
			buildSettings = {
				ALWAYS_SEARCH_USER_PATHS = NO;
				CLANG_ANALYZER_NONNULL = YES;
				CLANG_ANALYZER_NUMBER_OBJECT_CONVERSION = YES_AGGRESSIVE;
				CLANG_CXX_LANGUAGE_STANDARD = "gnu++14";
				CLANG_CXX_LIBRARY = "libc++";
				CLANG_ENABLE_MODULES = YES;
				CLANG_ENABLE_OBJC_ARC = YES;
				CLANG_WARN_BLOCK_CAPTURE_AUTORELEASING = YES;
				CLANG_WARN_BOOL_CONVERSION = YES;
				CLANG_WARN_COMMA = YES;
				CLANG_WARN_CONSTANT_CONVERSION = YES;
				CLANG_WARN_DIRECT_OBJC_ISA_USAGE = YES_ERROR;
				CLANG_WARN_DOCUMENTATION_COMMENTS = YES;
				CLANG_WARN_EMPTY_BODY = YES;
				CLANG_WARN_ENUM_CONVERSION = YES;
				CLANG_WARN_INFINITE_RECURSION = YES;
				CLANG_WARN_INT_CONVERSION = YES;
				CLANG_WARN_NON_LITERAL_NULL_CONVERSION = YES;
				CLANG_WARN_OBJC_LITERAL_CONVERSION = YES;
				CLANG_WARN_OBJC_ROOT_CLASS = YES_ERROR;
				CLANG_WARN_RANGE_LOOP_ANALYSIS = YES;
				CLANG_WARN_STRICT_PROTOTYPES = YES;
				CLANG_WARN_SUSPICIOUS_MOVE = YES;
				CLANG_WARN_UNGUARDED_AVAILABILITY = YES_AGGRESSIVE;
				CLANG_WARN_UNREACHABLE_CODE = YES;
				CLANG_WARN__DUPLICATE_METHOD_MATCH = YES;
				CODE_SIGN_IDENTITY = "iPhone Developer";
				COPY_PHASE_STRIP = NO;
				DEBUG_INFORMATION_FORMAT = dwarf;
				ENABLE_STRICT_OBJC_MSGSEND = YES;
				ENABLE_TESTABILITY = YES;
				GCC_C_LANGUAGE_STANDARD = gnu11;
				GCC_DYNAMIC_NO_PIC = NO;
				GCC_NO_COMMON_BLOCKS = YES;
				GCC_OPTIMIZATION_LEVEL = 0;
				GCC_PREPROCESSOR_DEFINITIONS = (
					"DEBUG=1",
					"$(inherited)",
				);
				GCC_WARN_64_TO_32_BIT_CONVERSION = YES;
				GCC_WARN_ABOUT_RETURN_TYPE = YES_ERROR;
				GCC_WARN_UNDECLARED_SELECTOR = YES;
				GCC_WARN_UNINITIALIZED_AUTOS = YES_AGGRESSIVE;
				GCC_WARN_UNUSED_FUNCTION = YES;
				GCC_WARN_UNUSED_VARIABLE = YES;
				IPHONEOS_DEPLOYMENT_TARGET = 11.0;
				MTL_ENABLE_DEBUG_INFO = YES;
				ONLY_ACTIVE_ARCH = YES;
				SDKROOT = iphoneos;
				SWIFT_ACTIVE_COMPILATION_CONDITIONS = DEBUG;
				SWIFT_OPTIMIZATION_LEVEL = "-Onone";
			};
			name = Debug;
		};
		3A773EB81FA064650098A992 /* Release */ = {
			isa = XCBuildConfiguration;
			buildSettings = {
				ALWAYS_SEARCH_USER_PATHS = NO;
				CLANG_ANALYZER_NONNULL = YES;
				CLANG_ANALYZER_NUMBER_OBJECT_CONVERSION = YES_AGGRESSIVE;
				CLANG_CXX_LANGUAGE_STANDARD = "gnu++14";
				CLANG_CXX_LIBRARY = "libc++";
				CLANG_ENABLE_MODULES = YES;
				CLANG_ENABLE_OBJC_ARC = YES;
				CLANG_WARN_BLOCK_CAPTURE_AUTORELEASING = YES;
				CLANG_WARN_BOOL_CONVERSION = YES;
				CLANG_WARN_COMMA = YES;
				CLANG_WARN_CONSTANT_CONVERSION = YES;
				CLANG_WARN_DIRECT_OBJC_ISA_USAGE = YES_ERROR;
				CLANG_WARN_DOCUMENTATION_COMMENTS = YES;
				CLANG_WARN_EMPTY_BODY = YES;
				CLANG_WARN_ENUM_CONVERSION = YES;
				CLANG_WARN_INFINITE_RECURSION = YES;
				CLANG_WARN_INT_CONVERSION = YES;
				CLANG_WARN_NON_LITERAL_NULL_CONVERSION = YES;
				CLANG_WARN_OBJC_LITERAL_CONVERSION = YES;
				CLANG_WARN_OBJC_ROOT_CLASS = YES_ERROR;
				CLANG_WARN_RANGE_LOOP_ANALYSIS = YES;
				CLANG_WARN_STRICT_PROTOTYPES = YES;
				CLANG_WARN_SUSPICIOUS_MOVE = YES;
				CLANG_WARN_UNGUARDED_AVAILABILITY = YES_AGGRESSIVE;
				CLANG_WARN_UNREACHABLE_CODE = YES;
				CLANG_WARN__DUPLICATE_METHOD_MATCH = YES;
				CODE_SIGN_IDENTITY = "iPhone Developer";
				COPY_PHASE_STRIP = NO;
				DEBUG_INFORMATION_FORMAT = "dwarf-with-dsym";
				ENABLE_NS_ASSERTIONS = NO;
				ENABLE_STRICT_OBJC_MSGSEND = YES;
				GCC_C_LANGUAGE_STANDARD = gnu11;
				GCC_NO_COMMON_BLOCKS = YES;
				GCC_WARN_64_TO_32_BIT_CONVERSION = YES;
				GCC_WARN_ABOUT_RETURN_TYPE = YES_ERROR;
				GCC_WARN_UNDECLARED_SELECTOR = YES;
				GCC_WARN_UNINITIALIZED_AUTOS = YES_AGGRESSIVE;
				GCC_WARN_UNUSED_FUNCTION = YES;
				GCC_WARN_UNUSED_VARIABLE = YES;
				IPHONEOS_DEPLOYMENT_TARGET = 11.0;
				MTL_ENABLE_DEBUG_INFO = NO;
				SDKROOT = iphoneos;
				SWIFT_OPTIMIZATION_LEVEL = "-Owholemodule";
				VALIDATE_PRODUCT = YES;
			};
			name = Release;
		};
		3A773EBA1FA064650098A992 /* Debug */ = {
			isa = XCBuildConfiguration;
			baseConfigurationReference = F5CE24E4305D5DC238AF0BB3 /* Pods-Demo.debug.xcconfig */;
			buildSettings = {
				ASSETCATALOG_COMPILER_APPICON_NAME = AppIcon;
				CLANG_ENABLE_MODULES = YES;
				CODE_SIGN_STYLE = Automatic;
				DEVELOPMENT_TEAM = 85369EBNDG;
				INFOPLIST_FILE = Demo/Info.plist;
				IPHONEOS_DEPLOYMENT_TARGET = 9.0;
				LD_RUNPATH_SEARCH_PATHS = "$(inherited) @executable_path/Frameworks";
				PRODUCT_BUNDLE_IDENTIFIER = gap.Demo;
				PRODUCT_NAME = "$(TARGET_NAME)";
				SWIFT_OBJC_BRIDGING_HEADER = "Demo/Demo-Bridging-Header.h";
				SWIFT_OPTIMIZATION_LEVEL = "-Onone";
				SWIFT_VERSION = 4.0;
				TARGETED_DEVICE_FAMILY = "1,2";
			};
			name = Debug;
		};
		3A773EBB1FA064650098A992 /* Release */ = {
			isa = XCBuildConfiguration;
			baseConfigurationReference = 8A073DE50A635A840B3BC26A /* Pods-Demo.release.xcconfig */;
			buildSettings = {
				ASSETCATALOG_COMPILER_APPICON_NAME = AppIcon;
				CLANG_ENABLE_MODULES = YES;
				CODE_SIGN_STYLE = Automatic;
				DEVELOPMENT_TEAM = 85369EBNDG;
				INFOPLIST_FILE = Demo/Info.plist;
				IPHONEOS_DEPLOYMENT_TARGET = 9.0;
				LD_RUNPATH_SEARCH_PATHS = "$(inherited) @executable_path/Frameworks";
				PRODUCT_BUNDLE_IDENTIFIER = gap.Demo;
				PRODUCT_NAME = "$(TARGET_NAME)";
				SWIFT_OBJC_BRIDGING_HEADER = "Demo/Demo-Bridging-Header.h";
				SWIFT_VERSION = 4.0;
				TARGETED_DEVICE_FAMILY = "1,2";
			};
			name = Release;
		};
		3A773EBD1FA064650098A992 /* Debug */ = {
			isa = XCBuildConfiguration;
			buildSettings = {
				ALWAYS_EMBED_SWIFT_STANDARD_LIBRARIES = YES;
				BUNDLE_LOADER = "$(TEST_HOST)";
				CODE_SIGN_STYLE = Automatic;
				INFOPLIST_FILE = DemoTests/Info.plist;
				LD_RUNPATH_SEARCH_PATHS = "$(inherited) @executable_path/Frameworks @loader_path/Frameworks";
				PRODUCT_BUNDLE_IDENTIFIER = gap.DemoTests;
				PRODUCT_NAME = "$(TARGET_NAME)";
				SWIFT_VERSION = 4.0;
				TARGETED_DEVICE_FAMILY = "1,2";
				TEST_HOST = "$(BUILT_PRODUCTS_DIR)/Demo.app/Demo";
			};
			name = Debug;
		};
		3A773EBE1FA064650098A992 /* Release */ = {
			isa = XCBuildConfiguration;
			buildSettings = {
				ALWAYS_EMBED_SWIFT_STANDARD_LIBRARIES = YES;
				BUNDLE_LOADER = "$(TEST_HOST)";
				CODE_SIGN_STYLE = Automatic;
				INFOPLIST_FILE = DemoTests/Info.plist;
				LD_RUNPATH_SEARCH_PATHS = "$(inherited) @executable_path/Frameworks @loader_path/Frameworks";
				PRODUCT_BUNDLE_IDENTIFIER = gap.DemoTests;
				PRODUCT_NAME = "$(TARGET_NAME)";
				SWIFT_VERSION = 4.0;
				TARGETED_DEVICE_FAMILY = "1,2";
				TEST_HOST = "$(BUILT_PRODUCTS_DIR)/Demo.app/Demo";
			};
			name = Release;
		};
		3A773EC01FA064650098A992 /* Debug */ = {
			isa = XCBuildConfiguration;
			buildSettings = {
				ALWAYS_EMBED_SWIFT_STANDARD_LIBRARIES = YES;
				CODE_SIGN_STYLE = Automatic;
				INFOPLIST_FILE = DemoUITests/Info.plist;
				LD_RUNPATH_SEARCH_PATHS = "$(inherited) @executable_path/Frameworks @loader_path/Frameworks";
				PRODUCT_BUNDLE_IDENTIFIER = gap.DemoUITests;
				PRODUCT_NAME = "$(TARGET_NAME)";
				SWIFT_VERSION = 4.0;
				TARGETED_DEVICE_FAMILY = "1,2";
				TEST_TARGET_NAME = Demo;
			};
			name = Debug;
		};
		3A773EC11FA064650098A992 /* Release */ = {
			isa = XCBuildConfiguration;
			buildSettings = {
				ALWAYS_EMBED_SWIFT_STANDARD_LIBRARIES = YES;
				CODE_SIGN_STYLE = Automatic;
				INFOPLIST_FILE = DemoUITests/Info.plist;
				LD_RUNPATH_SEARCH_PATHS = "$(inherited) @executable_path/Frameworks @loader_path/Frameworks";
				PRODUCT_BUNDLE_IDENTIFIER = gap.DemoUITests;
				PRODUCT_NAME = "$(TARGET_NAME)";
				SWIFT_VERSION = 4.0;
				TARGETED_DEVICE_FAMILY = "1,2";
				TEST_TARGET_NAME = Demo;
			};
			name = Release;
		};
/* End XCBuildConfiguration section */

/* Begin XCConfigurationList section */
		3A773E8C1FA064650098A992 /* Build configuration list for PBXProject "Demo" */ = {
			isa = XCConfigurationList;
			buildConfigurations = (
				3A773EB71FA064650098A992 /* Debug */,
				3A773EB81FA064650098A992 /* Release */,
			);
			defaultConfigurationIsVisible = 0;
			defaultConfigurationName = Release;
		};
		3A773EB91FA064650098A992 /* Build configuration list for PBXNativeTarget "Demo" */ = {
			isa = XCConfigurationList;
			buildConfigurations = (
				3A773EBA1FA064650098A992 /* Debug */,
				3A773EBB1FA064650098A992 /* Release */,
			);
			defaultConfigurationIsVisible = 0;
			defaultConfigurationName = Release;
		};
		3A773EBC1FA064650098A992 /* Build configuration list for PBXNativeTarget "DemoTests" */ = {
			isa = XCConfigurationList;
			buildConfigurations = (
				3A773EBD1FA064650098A992 /* Debug */,
				3A773EBE1FA064650098A992 /* Release */,
			);
			defaultConfigurationIsVisible = 0;
			defaultConfigurationName = Release;
		};
		3A773EBF1FA064650098A992 /* Build configuration list for PBXNativeTarget "DemoUITests" */ = {
			isa = XCConfigurationList;
			buildConfigurations = (
				3A773EC01FA064650098A992 /* Debug */,
				3A773EC11FA064650098A992 /* Release */,
			);
			defaultConfigurationIsVisible = 0;
			defaultConfigurationName = Release;
		};
/* End XCConfigurationList section */
	};
	rootObject = 3A773E891FA064650098A992 /* Project object */;
}
